
Microsoft Visual Studio Solution File, Format Version 12.00
# Visual Studio Version 17
VisualStudioVersion = 17.14.36603.0 d17.14
MinimumVisualStudioVersion = 10.0.40219.1
Project("{2150E333-8FDC-42A3-9474-1A3956D46DE8}") = "src", "src", "{02EA681E-C7D8-13C7-8484-4AC65E1B71E8}"
EndProject
Project("{2150E333-8FDC-42A3-9474-1A3956D46DE8}") = "tests", "tests", "{1B81D5A6-9E98-4233-823B-3CB72CDFA783}"
EndProject
Project("{FAE04EC0-301F-11D3-BF4B-00C04F79EFBC}") = "CashFlow.Api", "src\CashFlow.Api\CashFlow.Api.csproj", "{0D604076-762E-4576-B418-CFEB955D3E8B}"
EndProject
Project("{FAE04EC0-301F-11D3-BF4B-00C04F79EFBC}") = "CashFlow.Domain", "src\CashFlow.Domain\CashFlow.Domain.csproj", "{C6AA5BAD-61E8-4884-B1A8-A9430E846E79}"
EndProject
Project("{FAE04EC0-301F-11D3-BF4B-00C04F79EFBC}") = "CashFlow.Application", "src\CashFlow.Application\CashFlow.Application.csproj", "{2591E0D3-663E-4BD6-9AEC-EC9146206B7D}"
EndProject
Project("{FAE04EC0-301F-11D3-BF4B-00C04F79EFBC}") = "CashFlow.Communication", "src\CashFlow.Communication\CashFlow.Communication.csproj", "{F1F8783D-9A99-488E-91C1-3144226B15DE}"
EndProject
Project("{FAE04EC0-301F-11D3-BF4B-00C04F79EFBC}") = "CashFlow.Exception", "src\CashFlow.Exception\CashFlow.Exception.csproj", "{9140B383-7528-4C6C-8AFA-B9955763F127}"
EndProject
Project("{FAE04EC0-301F-11D3-BF4B-00C04F79EFBC}") = "CashFlow.Infrastructure", "src\CashFlow.Infrastructure\CashFlow.Infrastructure.csproj", "{BB56A736-3966-436A-8B2D-EDB9FA32482C}"
EndProject
Global
	GlobalSection(SolutionConfigurationPlatforms) = preSolution
		Debug|Any CPU = Debug|Any CPU
		Release|Any CPU = Release|Any CPU
	EndGlobalSection
	GlobalSection(ProjectConfigurationPlatforms) = postSolution
		{0D604076-762E-4576-B418-CFEB955D3E8B}.Debug|Any CPU.ActiveCfg = Debug|Any CPU
		{0D604076-762E-4576-B418-CFEB955D3E8B}.Debug|Any CPU.Build.0 = Debug|Any CPU
		{0D604076-762E-4576-B418-CFEB955D3E8B}.Release|Any CPU.ActiveCfg = Release|Any CPU
		{0D604076-762E-4576-B418-CFEB955D3E8B}.Release|Any CPU.Build.0 = Release|Any CPU
		{C6AA5BAD-61E8-4884-B1A8-A9430E846E79}.Debug|Any CPU.ActiveCfg = Debug|Any CPU
		{C6AA5BAD-61E8-4884-B1A8-A9430E846E79}.Debug|Any CPU.Build.0 = Debug|Any CPU
		{C6AA5BAD-61E8-4884-B1A8-A9430E846E79}.Release|Any CPU.ActiveCfg = Release|Any CPU
		{C6AA5BAD-61E8-4884-B1A8-A9430E846E79}.Release|Any CPU.Build.0 = Release|Any CPU
		{2591E0D3-663E-4BD6-9AEC-EC9146206B7D}.Debug|Any CPU.ActiveCfg = Debug|Any CPU
		{2591E0D3-663E-4BD6-9AEC-EC9146206B7D}.Debug|Any CPU.Build.0 = Debug|Any CPU
		{2591E0D3-663E-4BD6-9AEC-EC9146206B7D}.Release|Any CPU.ActiveCfg = Release|Any CPU
		{2591E0D3-663E-4BD6-9AEC-EC9146206B7D}.Release|Any CPU.Build.0 = Release|Any CPU
		{F1F8783D-9A99-488E-91C1-3144226B15DE}.Debug|Any CPU.ActiveCfg = Debug|Any CPU
		{F1F8783D-9A99-488E-91C1-3144226B15DE}.Debug|Any CPU.Build.0 = Debug|Any CPU
		{F1F8783D-9A99-488E-91C1-3144226B15DE}.Release|Any CPU.ActiveCfg = Release|Any CPU
		{F1F8783D-9A99-488E-91C1-3144226B15DE}.Release|Any CPU.Build.0 = Release|Any CPU
		{9140B383-7528-4C6C-8AFA-B9955763F127}.Debug|Any CPU.ActiveCfg = Debug|Any CPU
		{9140B383-7528-4C6C-8AFA-B9955763F127}.Debug|Any CPU.Build.0 = Debug|Any CPU
		{9140B383-7528-4C6C-8AFA-B9955763F127}.Release|Any CPU.ActiveCfg = Release|Any CPU
		{9140B383-7528-4C6C-8AFA-B9955763F127}.Release|Any CPU.Build.0 = Release|Any CPU
		{BB56A736-3966-436A-8B2D-EDB9FA32482C}.Debug|Any CPU.ActiveCfg = Debug|Any CPU
		{BB56A736-3966-436A-8B2D-EDB9FA32482C}.Debug|Any CPU.Build.0 = Debug|Any CPU
		{BB56A736-3966-436A-8B2D-EDB9FA32482C}.Release|Any CPU.ActiveCfg = Release|Any CPU
		{BB56A736-3966-436A-8B2D-EDB9FA32482C}.Release|Any CPU.Build.0 = Release|Any CPU
	EndGlobalSection
	GlobalSection(SolutionProperties) = preSolution
		HideSolutionNode = FALSE
	EndGlobalSection
	GlobalSection(NestedProjects) = preSolution
		{0D604076-762E-4576-B418-CFEB955D3E8B} = {02EA681E-C7D8-13C7-8484-4AC65E1B71E8}
		{C6AA5BAD-61E8-4884-B1A8-A9430E846E79} = {02EA681E-C7D8-13C7-8484-4AC65E1B71E8}
		{2591E0D3-663E-4BD6-9AEC-EC9146206B7D} = {02EA681E-C7D8-13C7-8484-4AC65E1B71E8}
		{F1F8783D-9A99-488E-91C1-3144226B15DE} = {02EA681E-C7D8-13C7-8484-4AC65E1B71E8}
		{9140B383-7528-4C6C-8AFA-B9955763F127} = {02EA681E-C7D8-13C7-8484-4AC65E1B71E8}
		{BB56A736-3966-436A-8B2D-EDB9FA32482C} = {02EA681E-C7D8-13C7-8484-4AC65E1B71E8}
	EndGlobalSection
	GlobalSection(ExtensibilityGlobals) = postSolution
		SolutionGuid = {F2CEABF1-A980-4994-9EF8-858914D6D9AF}
	EndGlobalSection
EndGlobal
